// !$*UTF8*$!
{
	archiveVersion = 1;
	classes = {
	};
	objectVersion = 46;
	objects = {

/* Begin PBXBuildFile section */
		B05FB1647B2145669089A41A /* libPods.a in Frameworks */ = {isa = PBXBuildFile; fileRef = D2A5BC00406D4A64B10CE998 /* libPods.a */; };
		B90C712713730C6F00BEFD81 /* Contador.m in Sources */ = {isa = PBXBuildFile; fileRef = B90C712613730C6F00BEFD81 /* Contador.m */; };
		B90C712B137313E300BEFD81 /* SugerirResena.m in Sources */ = {isa = PBXBuildFile; fileRef = B90C712A137313E300BEFD81 /* SugerirResena.m */; };
		B90C712E1373314D00BEFD81 /* Agenda.m in Sources */ = {isa = PBXBuildFile; fileRef = B90C712D1373314D00BEFD81 /* Agenda.m */; };
		B92E7FA516DE4402007C99BA /* info_CMT.png in Resources */ = {isa = PBXBuildFile; fileRef = B92E7F9D16DE4402007C99BA /* info_CMT.png */; };
		B92E7FA616DE4402007C99BA /* info_CMT@2x.png in Resources */ = {isa = PBXBuildFile; fileRef = B92E7F9E16DE4402007C99BA /* info_CMT@2x.png */; };
		B92E7FA716DE4402007C99BA /* info_mail.png in Resources */ = {isa = PBXBuildFile; fileRef = B92E7F9F16DE4402007C99BA /* info_mail.png */; };
		B92E7FA816DE4402007C99BA /* info_mail@2x.png in Resources */ = {isa = PBXBuildFile; fileRef = B92E7FA016DE4402007C99BA /* info_mail@2x.png */; };
		B92E7FA916DE4402007C99BA /* info_tactilapp.png in Resources */ = {isa = PBXBuildFile; fileRef = B92E7FA116DE4402007C99BA /* info_tactilapp.png */; };
		B92E7FAA16DE4402007C99BA /* info_tactilapp@2x.png in Resources */ = {isa = PBXBuildFile; fileRef = B92E7FA216DE4402007C99BA /* info_tactilapp@2x.png */; };
		B92E7FAB16DE4402007C99BA /* info_volver.png in Resources */ = {isa = PBXBuildFile; fileRef = B92E7FA316DE4402007C99BA /* info_volver.png */; };
		B92E7FAC16DE4402007C99BA /* info_volver@2x.png in Resources */ = {isa = PBXBuildFile; fileRef = B92E7FA416DE4402007C99BA /* info_volver@2x.png */; };
		B937A9751625919D00C5B868 /* TACompanyView.m in Sources */ = {isa = PBXBuildFile; fileRef = B937A9741625919D00C5B868 /* TACompanyView.m */; };
		B94C60DA1627512900A28140 /* companies-color.plist in Resources */ = {isa = PBXBuildFile; fileRef = B94C60D91627512900A28140 /* companies-color.plist */; };
		B95553E3136DFE1D0038DF00 /* AddressBook.framework in Frameworks */ = {isa = PBXBuildFile; fileRef = B95553E1136DFE1D0038DF00 /* AddressBook.framework */; };
		B95553E4136DFE1D0038DF00 /* AddressBookUI.framework in Frameworks */ = {isa = PBXBuildFile; fileRef = B95553E2136DFE1D0038DF00 /* AddressBookUI.framework */; };
		B95DB0D213688D0400E87EB6 /* UIKit.framework in Frameworks */ = {isa = PBXBuildFile; fileRef = B95DB0D113688D0400E87EB6 /* UIKit.framework */; };
		B95DB0D413688D0400E87EB6 /* Foundation.framework in Frameworks */ = {isa = PBXBuildFile; fileRef = B95DB0D313688D0400E87EB6 /* Foundation.framework */; };
		B95DB0DF13688D0400E87EB6 /* main.m in Sources */ = {isa = PBXBuildFile; fileRef = B95DB0DE13688D0400E87EB6 /* main.m */; };
		B95DB0E213688D0400E87EB6 /* OperadorAppDelegate.m in Sources */ = {isa = PBXBuildFile; fileRef = B95DB0E113688D0400E87EB6 /* OperadorAppDelegate.m */; };
		B95DB1591368901200E87EB6 /* EnviarMail.m in Sources */ = {isa = PBXBuildFile; fileRef = B95DB1571368901200E87EB6 /* EnviarMail.m */; };
		B95DB29E1368966000E87EB6 /* OperadorAppViewController.m in Sources */ = {isa = PBXBuildFile; fileRef = B95DB29D1368966000E87EB6 /* OperadorAppViewController.m */; };
		B95DB2A01368966800E87EB6 /* OperadorAppViewController.xib in Resources */ = {isa = PBXBuildFile; fileRef = B95DB29F1368966800E87EB6 /* OperadorAppViewController.xib */; };
		B95DB2A61368981500E87EB6 /* ControladorWeb.m in Sources */ = {isa = PBXBuildFile; fileRef = B95DB2A41368981500E87EB6 /* ControladorWeb.m */; };
		B95DB2A71368981500E87EB6 /* ControladorWeb.xib in Resources */ = {isa = PBXBuildFile; fileRef = B95DB2A51368981500E87EB6 /* ControladorWeb.xib */; };
		B9AF9CFD165EA49B00EFA1CF /* TOARequestKernel.m in Sources */ = {isa = PBXBuildFile; fileRef = B9AF9CFC165EA49B00EFA1CF /* TOARequestKernel.m */; };
		B9CC8F7516E4DF0F006A783C /* libAdapterIAd.a in Frameworks */ = {isa = PBXBuildFile; fileRef = B9CC8F7416E4DF0F006A783C /* libAdapterIAd.a */; };
		B9CC8F7716E4E271006A783C /* iAd.framework in Frameworks */ = {isa = PBXBuildFile; fileRef = B9CC8F7616E4E271006A783C /* iAd.framework */; };
		B9CC8F7A16E50780006A783C /* banner_tactilapp.png in Resources */ = {isa = PBXBuildFile; fileRef = B9CC8F7816E50780006A783C /* banner_tactilapp.png */; };
		B9CC8F7B16E50780006A783C /* banner_tactilapp@2x.png in Resources */ = {isa = PBXBuildFile; fileRef = B9CC8F7916E50780006A783C /* banner_tactilapp@2x.png */; };
		B9CE77B816E6696700DF174C /* Localizable.strings in Resources */ = {isa = PBXBuildFile; fileRef = B9CE77B716E6696700DF174C /* Localizable.strings */; };
		B9D8CF6A165700E500F53CA6 /* Default.png in Resources */ = {isa = PBXBuildFile; fileRef = B9D8CF47165700E500F53CA6 /* Default.png */; };
		B9D8CF6B165700E500F53CA6 /* Default@2x.png in Resources */ = {isa = PBXBuildFile; fileRef = B9D8CF48165700E500F53CA6 /* Default@2x.png */; };
		B9D8CF6C165700E500F53CA6 /* Icon.png in Resources */ = {isa = PBXBuildFile; fileRef = B9D8CF49165700E500F53CA6 /* Icon.png */; };
		B9D8CF6D165700E500F53CA6 /* Icon@2x.png in Resources */ = {isa = PBXBuildFile; fileRef = B9D8CF4A165700E500F53CA6 /* Icon@2x.png */; };
		B9D8CF72165700E500F53CA6 /* anterior.png in Resources */ = {isa = PBXBuildFile; fileRef = B9D8CF52165700E500F53CA6 /* anterior.png */; };
		B9D8CF73165700E500F53CA6 /* anterior@2x.png in Resources */ = {isa = PBXBuildFile; fileRef = B9D8CF53165700E500F53CA6 /* anterior@2x.png */; };
		B9D8CF74165700E500F53CA6 /* siguiente.png in Resources */ = {isa = PBXBuildFile; fileRef = B9D8CF54165700E500F53CA6 /* siguiente.png */; };
		B9D8CF75165700E500F53CA6 /* siguiente@2x.png in Resources */ = {isa = PBXBuildFile; fileRef = B9D8CF55165700E500F53CA6 /* siguiente@2x.png */; };
		B9D8CF7E165700E500F53CA6 /* paso2_titulo.png in Resources */ = {isa = PBXBuildFile; fileRef = B9D8CF61165700E500F53CA6 /* paso2_titulo.png */; };
		B9D8CF7F165700E500F53CA6 /* paso2_titulo@2x.png in Resources */ = {isa = PBXBuildFile; fileRef = B9D8CF62165700E500F53CA6 /* paso2_titulo@2x.png */; };
		B9D8CF80165700E500F53CA6 /* paso3_llamar.png in Resources */ = {isa = PBXBuildFile; fileRef = B9D8CF64165700E500F53CA6 /* paso3_llamar.png */; };
		B9D8CF81165700E500F53CA6 /* paso3_llamar@2x.png in Resources */ = {isa = PBXBuildFile; fileRef = B9D8CF65165700E500F53CA6 /* paso3_llamar@2x.png */; };
		B9D8CF82165700E500F53CA6 /* paso3_otronumero.png in Resources */ = {isa = PBXBuildFile; fileRef = B9D8CF66165700E500F53CA6 /* paso3_otronumero.png */; };
		B9D8CF83165700E500F53CA6 /* paso3_otronumero@2x.png in Resources */ = {isa = PBXBuildFile; fileRef = B9D8CF67165700E500F53CA6 /* paso3_otronumero@2x.png */; };
		B9D8CF84165700E500F53CA6 /* paso3_titulo.png in Resources */ = {isa = PBXBuildFile; fileRef = B9D8CF68165700E500F53CA6 /* paso3_titulo.png */; };
		B9D8CF85165700E500F53CA6 /* paso3_titulo@2x.png in Resources */ = {isa = PBXBuildFile; fileRef = B9D8CF69165700E500F53CA6 /* paso3_titulo@2x.png */; };
		B9D8CF8D1657017C00F53CA6 /* paso1_agenda.png in Resources */ = {isa = PBXBuildFile; fileRef = B9D8CF871657017C00F53CA6 /* paso1_agenda.png */; };
		B9D8CF8E1657017C00F53CA6 /* paso1_agenda@2x.png in Resources */ = {isa = PBXBuildFile; fileRef = B9D8CF881657017C00F53CA6 /* paso1_agenda@2x.png */; };
		B9D8CF8F1657017C00F53CA6 /* paso1_campodetexto.png in Resources */ = {isa = PBXBuildFile; fileRef = B9D8CF891657017C00F53CA6 /* paso1_campodetexto.png */; };
		B9D8CF901657017C00F53CA6 /* paso1_campodetexto@2x.png in Resources */ = {isa = PBXBuildFile; fileRef = B9D8CF8A1657017C00F53CA6 /* paso1_campodetexto@2x.png */; };
		B9D8CF911657017C00F53CA6 /* paso1_titulo.png in Resources */ = {isa = PBXBuildFile; fileRef = B9D8CF8B1657017C00F53CA6 /* paso1_titulo.png */; };
		B9D8CF921657017C00F53CA6 /* paso1_titulo@2x.png in Resources */ = {isa = PBXBuildFile; fileRef = B9D8CF8C1657017C00F53CA6 /* paso1_titulo@2x.png */; };
		B9EDA772165851EB009FA2E5 /* Default-568h@2x.png in Resources */ = {isa = PBXBuildFile; fileRef = B9EDA771165851EB009FA2E5 /* Default-568h@2x.png */; };
		B9F0187C167FE07A00801F74 /* CoreGraphics.framework in Frameworks */ = {isa = PBXBuildFile; fileRef = B9F0187B167FE07A00801F74 /* CoreGraphics.framework */; };
		B9F01881167FE1AC00801F74 /* TAHelper.m in Sources */ = {isa = PBXBuildFile; fileRef = B9F01880167FE1AC00801F74 /* TAHelper.m */; };
		B9F018B31680980100801F74 /* OAPatternBackground.m in Sources */ = {isa = PBXBuildFile; fileRef = B9F018B21680980000801F74 /* OAPatternBackground.m */; };
		B9F018BD1680985B00801F74 /* bg_bgcontainer.png in Resources */ = {isa = PBXBuildFile; fileRef = B9F018B51680985A00801F74 /* bg_bgcontainer.png */; };
		B9F018BE1680985B00801F74 /* bg_bgcontainer@2x.png in Resources */ = {isa = PBXBuildFile; fileRef = B9F018B61680985A00801F74 /* bg_bgcontainer@2x.png */; };
		B9F018BF1680985B00801F74 /* bg_bgglobal.png in Resources */ = {isa = PBXBuildFile; fileRef = B9F018B71680985A00801F74 /* bg_bgglobal.png */; };
		B9F018C01680985B00801F74 /* bg_bgglobal@2x.png in Resources */ = {isa = PBXBuildFile; fileRef = B9F018B81680985A00801F74 /* bg_bgglobal@2x.png */; };
		B9F018C11680985B00801F74 /* button_info_enabled.png in Resources */ = {isa = PBXBuildFile; fileRef = B9F018B91680985A00801F74 /* button_info_enabled.png */; };
		B9F018C21680985B00801F74 /* button_info_enabled@2x.png in Resources */ = {isa = PBXBuildFile; fileRef = B9F018BA1680985A00801F74 /* button_info_enabled@2x.png */; };
		B9F018C31680985B00801F74 /* img_header.png in Resources */ = {isa = PBXBuildFile; fileRef = B9F018BB1680985A00801F74 /* img_header.png */; };
		B9F018C41680985B00801F74 /* img_header@2x.png in Resources */ = {isa = PBXBuildFile; fileRef = B9F018BC1680985B00801F74 /* img_header@2x.png */; };
		B9F018C716809AAB00801F74 /* OAPatternContainer.m in Sources */ = {isa = PBXBuildFile; fileRef = B9F018C616809AAA00801F74 /* OAPatternContainer.m */; };
		B9F018D316810B1D00801F74 /* refresh_icon.png in Resources */ = {isa = PBXBuildFile; fileRef = B9F018D116810B1D00801F74 /* refresh_icon.png */; };
		B9F018D416810B1D00801F74 /* refresh_icon@2x.png in Resources */ = {isa = PBXBuildFile; fileRef = B9F018D216810B1D00801F74 /* refresh_icon@2x.png */; };
		B9F0D2BB16E09F9800F9316D /* TAAPIClient.m in Sources */ = {isa = PBXBuildFile; fileRef = B9F0D2BA16E09F9800F9316D /* TAAPIClient.m */; };
		B9F0D2BD16E0D04B00F9316D /* MKStoreKitConfigs.plist in Resources */ = {isa = PBXBuildFile; fileRef = B9F0D2BC16E0D04B00F9316D /* MKStoreKitConfigs.plist */; };
		CF4155D916068A6300E488ED /* UIImage+CropCaptcha.m in Sources */ = {isa = PBXBuildFile; fileRef = CF4155D816068A6300E488ED /* UIImage+CropCaptcha.m */; };
/* End PBXBuildFile section */

/* Begin PBXFileReference section */
		0D7A399EBC874ADAA2EE869A /* Pods.xcconfig */ = {isa = PBXFileReference; includeInIndex = 1; lastKnownFileType = text.xcconfig; name = Pods.xcconfig; path = Pods/Pods.xcconfig; sourceTree = SOURCE_ROOT; };
		B90C712513730C6F00BEFD81 /* Contador.h */ = {isa = PBXFileReference; fileEncoding = 4; lastKnownFileType = sourcecode.c.h; path = Contador.h; sourceTree = "<group>"; };
		B90C712613730C6F00BEFD81 /* Contador.m */ = {isa = PBXFileReference; fileEncoding = 4; lastKnownFileType = sourcecode.c.objc; path = Contador.m; sourceTree = "<group>"; };
		B90C7129137313E300BEFD81 /* SugerirResena.h */ = {isa = PBXFileReference; fileEncoding = 4; lastKnownFileType = sourcecode.c.h; path = SugerirResena.h; sourceTree = "<group>"; };
		B90C712A137313E300BEFD81 /* SugerirResena.m */ = {isa = PBXFileReference; fileEncoding = 4; lastKnownFileType = sourcecode.c.objc; path = SugerirResena.m; sourceTree = "<group>"; };
		B90C712C1373314D00BEFD81 /* Agenda.h */ = {isa = PBXFileReference; fileEncoding = 4; lastKnownFileType = sourcecode.c.h; path = Agenda.h; sourceTree = "<group>"; };
		B90C712D1373314D00BEFD81 /* Agenda.m */ = {isa = PBXFileReference; fileEncoding = 4; lastKnownFileType = sourcecode.c.objc; path = Agenda.m; sourceTree = "<group>"; };
		B92E7F9D16DE4402007C99BA /* info_CMT.png */ = {isa = PBXFileReference; lastKnownFileType = image.png; path = info_CMT.png; sourceTree = "<group>"; };
		B92E7F9E16DE4402007C99BA /* info_CMT@2x.png */ = {isa = PBXFileReference; lastKnownFileType = image.png; path = "info_CMT@2x.png"; sourceTree = "<group>"; };
		B92E7F9F16DE4402007C99BA /* info_mail.png */ = {isa = PBXFileReference; lastKnownFileType = image.png; path = info_mail.png; sourceTree = "<group>"; };
		B92E7FA016DE4402007C99BA /* info_mail@2x.png */ = {isa = PBXFileReference; lastKnownFileType = image.png; path = "info_mail@2x.png"; sourceTree = "<group>"; };
		B92E7FA116DE4402007C99BA /* info_tactilapp.png */ = {isa = PBXFileReference; lastKnownFileType = image.png; path = info_tactilapp.png; sourceTree = "<group>"; };
		B92E7FA216DE4402007C99BA /* info_tactilapp@2x.png */ = {isa = PBXFileReference; lastKnownFileType = image.png; path = "info_tactilapp@2x.png"; sourceTree = "<group>"; };
		B92E7FA316DE4402007C99BA /* info_volver.png */ = {isa = PBXFileReference; lastKnownFileType = image.png; path = info_volver.png; sourceTree = "<group>"; };
		B92E7FA416DE4402007C99BA /* info_volver@2x.png */ = {isa = PBXFileReference; lastKnownFileType = image.png; path = "info_volver@2x.png"; sourceTree = "<group>"; };
		B937A9731625919D00C5B868 /* TACompanyView.h */ = {isa = PBXFileReference; fileEncoding = 4; lastKnownFileType = sourcecode.c.h; name = TACompanyView.h; path = OperadorApp/TACompanyView.h; sourceTree = SOURCE_ROOT; };
		B937A9741625919D00C5B868 /* TACompanyView.m */ = {isa = PBXFileReference; fileEncoding = 4; lastKnownFileType = sourcecode.c.objc; name = TACompanyView.m; path = OperadorApp/TACompanyView.m; sourceTree = SOURCE_ROOT; };
		B94C60D91627512900A28140 /* companies-color.plist */ = {isa = PBXFileReference; fileEncoding = 4; lastKnownFileType = text.plist.xml; path = "companies-color.plist"; sourceTree = "<group>"; };
		B95553E1136DFE1D0038DF00 /* AddressBook.framework */ = {isa = PBXFileReference; lastKnownFileType = wrapper.framework; name = AddressBook.framework; path = System/Library/Frameworks/AddressBook.framework; sourceTree = SDKROOT; };
		B95553E2136DFE1D0038DF00 /* AddressBookUI.framework */ = {isa = PBXFileReference; lastKnownFileType = wrapper.framework; name = AddressBookUI.framework; path = System/Library/Frameworks/AddressBookUI.framework; sourceTree = SDKROOT; };
		B95DB0CD13688D0400E87EB6 /* OperadorApp.app */ = {isa = PBXFileReference; explicitFileType = wrapper.application; includeInIndex = 0; path = OperadorApp.app; sourceTree = BUILT_PRODUCTS_DIR; };
		B95DB0D113688D0400E87EB6 /* UIKit.framework */ = {isa = PBXFileReference; lastKnownFileType = wrapper.framework; name = UIKit.framework; path = System/Library/Frameworks/UIKit.framework; sourceTree = SDKROOT; };
		B95DB0D313688D0400E87EB6 /* Foundation.framework */ = {isa = PBXFileReference; lastKnownFileType = wrapper.framework; name = Foundation.framework; path = System/Library/Frameworks/Foundation.framework; sourceTree = SDKROOT; };
		B95DB0D913688D0400E87EB6 /* OperadorApp-Info.plist */ = {isa = PBXFileReference; lastKnownFileType = text.plist.xml; path = "OperadorApp-Info.plist"; sourceTree = "<group>"; };
		B95DB0DD13688D0400E87EB6 /* OperadorApp-Prefix.pch */ = {isa = PBXFileReference; lastKnownFileType = sourcecode.c.h; path = "OperadorApp-Prefix.pch"; sourceTree = "<group>"; };
		B95DB0DE13688D0400E87EB6 /* main.m */ = {isa = PBXFileReference; lastKnownFileType = sourcecode.c.objc; path = main.m; sourceTree = "<group>"; };
		B95DB0E013688D0400E87EB6 /* OperadorAppDelegate.h */ = {isa = PBXFileReference; lastKnownFileType = sourcecode.c.h; path = OperadorAppDelegate.h; sourceTree = "<group>"; };
		B95DB0E113688D0400E87EB6 /* OperadorAppDelegate.m */ = {isa = PBXFileReference; lastKnownFileType = sourcecode.c.objc; path = OperadorAppDelegate.m; sourceTree = "<group>"; };
		B95DB1561368901200E87EB6 /* EnviarMail.h */ = {isa = PBXFileReference; fileEncoding = 4; lastKnownFileType = sourcecode.c.h; path = EnviarMail.h; sourceTree = "<group>"; };
		B95DB1571368901200E87EB6 /* EnviarMail.m */ = {isa = PBXFileReference; fileEncoding = 4; lastKnownFileType = sourcecode.c.objc; path = EnviarMail.m; sourceTree = "<group>"; };
		B95DB29D1368966000E87EB6 /* OperadorAppViewController.m */ = {isa = PBXFileReference; fileEncoding = 4; lastKnownFileType = sourcecode.c.objc; path = OperadorAppViewController.m; sourceTree = "<group>"; };
		B95DB29F1368966800E87EB6 /* OperadorAppViewController.xib */ = {isa = PBXFileReference; fileEncoding = 4; lastKnownFileType = file.xib; path = OperadorAppViewController.xib; sourceTree = "<group>"; };
		B95DB2A11368970E00E87EB6 /* OperadorAppViewController.h */ = {isa = PBXFileReference; fileEncoding = 4; lastKnownFileType = sourcecode.c.h; path = OperadorAppViewController.h; sourceTree = "<group>"; };
		B95DB2A31368981500E87EB6 /* ControladorWeb.h */ = {isa = PBXFileReference; fileEncoding = 4; lastKnownFileType = sourcecode.c.h; path = ControladorWeb.h; sourceTree = "<group>"; };
		B95DB2A41368981500E87EB6 /* ControladorWeb.m */ = {isa = PBXFileReference; fileEncoding = 4; lastKnownFileType = sourcecode.c.objc; path = ControladorWeb.m; sourceTree = "<group>"; };
		B95DB2A51368981500E87EB6 /* ControladorWeb.xib */ = {isa = PBXFileReference; fileEncoding = 4; lastKnownFileType = file.xib; path = ControladorWeb.xib; sourceTree = "<group>"; };
		B9AF9CFB165EA49B00EFA1CF /* TOARequestKernel.h */ = {isa = PBXFileReference; fileEncoding = 4; lastKnownFileType = sourcecode.c.h; path = TOARequestKernel.h; sourceTree = "<group>"; };
		B9AF9CFC165EA49B00EFA1CF /* TOARequestKernel.m */ = {isa = PBXFileReference; fileEncoding = 4; lastKnownFileType = sourcecode.c.objc; path = TOARequestKernel.m; sourceTree = "<group>"; };
		B9CC8F7416E4DF0F006A783C /* libAdapterIAd.a */ = {isa = PBXFileReference; lastKnownFileType = archive.ar; name = libAdapterIAd.a; path = ThirdParty/libAdapterIAd.a; sourceTree = "<group>"; };
		B9CC8F7616E4E271006A783C /* iAd.framework */ = {isa = PBXFileReference; lastKnownFileType = wrapper.framework; name = iAd.framework; path = System/Library/Frameworks/iAd.framework; sourceTree = SDKROOT; };
		B9CC8F7816E50780006A783C /* banner_tactilapp.png */ = {isa = PBXFileReference; lastKnownFileType = image.png; path = banner_tactilapp.png; sourceTree = "<group>"; };
		B9CC8F7916E50780006A783C /* banner_tactilapp@2x.png */ = {isa = PBXFileReference; lastKnownFileType = image.png; path = "banner_tactilapp@2x.png"; sourceTree = "<group>"; };
		B9CD949A1624582200DA9B27 /* README.md */ = {isa = PBXFileReference; fileEncoding = 4; lastKnownFileType = text; name = README.md; path = ../README.md; sourceTree = "<group>"; };
		B9CE77B716E6696700DF174C /* Localizable.strings */ = {isa = PBXFileReference; fileEncoding = 4; lastKnownFileType = text.plist.strings; path = Localizable.strings; sourceTree = "<group>"; };
		B9D8CF47165700E500F53CA6 /* Default.png */ = {isa = PBXFileReference; lastKnownFileType = image.png; path = Default.png; sourceTree = "<group>"; };
		B9D8CF48165700E500F53CA6 /* Default@2x.png */ = {isa = PBXFileReference; lastKnownFileType = image.png; path = "Default@2x.png"; sourceTree = "<group>"; };
		B9D8CF49165700E500F53CA6 /* Icon.png */ = {isa = PBXFileReference; lastKnownFileType = image.png; path = Icon.png; sourceTree = "<group>"; };
		B9D8CF4A165700E500F53CA6 /* Icon@2x.png */ = {isa = PBXFileReference; lastKnownFileType = image.png; path = "Icon@2x.png"; sourceTree = "<group>"; };
		B9D8CF52165700E500F53CA6 /* anterior.png */ = {isa = PBXFileReference; lastKnownFileType = image.png; path = anterior.png; sourceTree = "<group>"; };
		B9D8CF53165700E500F53CA6 /* anterior@2x.png */ = {isa = PBXFileReference; lastKnownFileType = image.png; path = "anterior@2x.png"; sourceTree = "<group>"; };
		B9D8CF54165700E500F53CA6 /* siguiente.png */ = {isa = PBXFileReference; lastKnownFileType = image.png; path = siguiente.png; sourceTree = "<group>"; };
		B9D8CF55165700E500F53CA6 /* siguiente@2x.png */ = {isa = PBXFileReference; lastKnownFileType = image.png; path = "siguiente@2x.png"; sourceTree = "<group>"; };
		B9D8CF61165700E500F53CA6 /* paso2_titulo.png */ = {isa = PBXFileReference; lastKnownFileType = image.png; path = paso2_titulo.png; sourceTree = "<group>"; };
		B9D8CF62165700E500F53CA6 /* paso2_titulo@2x.png */ = {isa = PBXFileReference; lastKnownFileType = image.png; path = "paso2_titulo@2x.png"; sourceTree = "<group>"; };
		B9D8CF64165700E500F53CA6 /* paso3_llamar.png */ = {isa = PBXFileReference; lastKnownFileType = image.png; path = paso3_llamar.png; sourceTree = "<group>"; };
		B9D8CF65165700E500F53CA6 /* paso3_llamar@2x.png */ = {isa = PBXFileReference; lastKnownFileType = image.png; path = "paso3_llamar@2x.png"; sourceTree = "<group>"; };
		B9D8CF66165700E500F53CA6 /* paso3_otronumero.png */ = {isa = PBXFileReference; lastKnownFileType = image.png; path = paso3_otronumero.png; sourceTree = "<group>"; };
		B9D8CF67165700E500F53CA6 /* paso3_otronumero@2x.png */ = {isa = PBXFileReference; lastKnownFileType = image.png; path = "paso3_otronumero@2x.png"; sourceTree = "<group>"; };
		B9D8CF68165700E500F53CA6 /* paso3_titulo.png */ = {isa = PBXFileReference; lastKnownFileType = image.png; path = paso3_titulo.png; sourceTree = "<group>"; };
		B9D8CF69165700E500F53CA6 /* paso3_titulo@2x.png */ = {isa = PBXFileReference; lastKnownFileType = image.png; path = "paso3_titulo@2x.png"; sourceTree = "<group>"; };
		B9D8CF871657017C00F53CA6 /* paso1_agenda.png */ = {isa = PBXFileReference; lastKnownFileType = image.png; path = paso1_agenda.png; sourceTree = "<group>"; };
		B9D8CF881657017C00F53CA6 /* paso1_agenda@2x.png */ = {isa = PBXFileReference; lastKnownFileType = image.png; path = "paso1_agenda@2x.png"; sourceTree = "<group>"; };
		B9D8CF891657017C00F53CA6 /* paso1_campodetexto.png */ = {isa = PBXFileReference; lastKnownFileType = image.png; path = paso1_campodetexto.png; sourceTree = "<group>"; };
		B9D8CF8A1657017C00F53CA6 /* paso1_campodetexto@2x.png */ = {isa = PBXFileReference; lastKnownFileType = image.png; path = "paso1_campodetexto@2x.png"; sourceTree = "<group>"; };
		B9D8CF8B1657017C00F53CA6 /* paso1_titulo.png */ = {isa = PBXFileReference; lastKnownFileType = image.png; path = paso1_titulo.png; sourceTree = "<group>"; };
		B9D8CF8C1657017C00F53CA6 /* paso1_titulo@2x.png */ = {isa = PBXFileReference; lastKnownFileType = image.png; path = "paso1_titulo@2x.png"; sourceTree = "<group>"; };
		B9D8CF99165708CD00F53CA6 /* OAprivate-configure.h */ = {isa = PBXFileReference; lastKnownFileType = sourcecode.c.h; name = "OAprivate-configure.h"; path = "configuracion/OAprivate-configure.h"; sourceTree = SOURCE_ROOT; };
		B9EDA771165851EB009FA2E5 /* Default-568h@2x.png */ = {isa = PBXFileReference; lastKnownFileType = image.png; path = "Default-568h@2x.png"; sourceTree = "<group>"; };
		B9F0187B167FE07A00801F74 /* CoreGraphics.framework */ = {isa = PBXFileReference; lastKnownFileType = wrapper.framework; name = CoreGraphics.framework; path = System/Library/Frameworks/CoreGraphics.framework; sourceTree = SDKROOT; };
		B9F0187F167FE1AC00801F74 /* TAHelper.h */ = {isa = PBXFileReference; fileEncoding = 4; lastKnownFileType = sourcecode.c.h; path = TAHelper.h; sourceTree = "<group>"; };
		B9F01880167FE1AC00801F74 /* TAHelper.m */ = {isa = PBXFileReference; fileEncoding = 4; lastKnownFileType = sourcecode.c.objc; path = TAHelper.m; sourceTree = "<group>"; };
		B9F018B11680980000801F74 /* OAPatternBackground.h */ = {isa = PBXFileReference; fileEncoding = 4; lastKnownFileType = sourcecode.c.h; path = OAPatternBackground.h; sourceTree = "<group>"; };
		B9F018B21680980000801F74 /* OAPatternBackground.m */ = {isa = PBXFileReference; fileEncoding = 4; lastKnownFileType = sourcecode.c.objc; path = OAPatternBackground.m; sourceTree = "<group>"; };
		B9F018B51680985A00801F74 /* bg_bgcontainer.png */ = {isa = PBXFileReference; lastKnownFileType = image.png; path = bg_bgcontainer.png; sourceTree = "<group>"; };
		B9F018B61680985A00801F74 /* bg_bgcontainer@2x.png */ = {isa = PBXFileReference; lastKnownFileType = image.png; path = "bg_bgcontainer@2x.png"; sourceTree = "<group>"; };
		B9F018B71680985A00801F74 /* bg_bgglobal.png */ = {isa = PBXFileReference; lastKnownFileType = image.png; path = bg_bgglobal.png; sourceTree = "<group>"; };
		B9F018B81680985A00801F74 /* bg_bgglobal@2x.png */ = {isa = PBXFileReference; lastKnownFileType = image.png; path = "bg_bgglobal@2x.png"; sourceTree = "<group>"; };
		B9F018B91680985A00801F74 /* button_info_enabled.png */ = {isa = PBXFileReference; lastKnownFileType = image.png; path = button_info_enabled.png; sourceTree = "<group>"; };
		B9F018BA1680985A00801F74 /* button_info_enabled@2x.png */ = {isa = PBXFileReference; lastKnownFileType = image.png; path = "button_info_enabled@2x.png"; sourceTree = "<group>"; };
		B9F018BB1680985A00801F74 /* img_header.png */ = {isa = PBXFileReference; lastKnownFileType = image.png; path = img_header.png; sourceTree = "<group>"; };
		B9F018BC1680985B00801F74 /* img_header@2x.png */ = {isa = PBXFileReference; lastKnownFileType = image.png; path = "img_header@2x.png"; sourceTree = "<group>"; };
		B9F018C516809AAA00801F74 /* OAPatternContainer.h */ = {isa = PBXFileReference; fileEncoding = 4; lastKnownFileType = sourcecode.c.h; path = OAPatternContainer.h; sourceTree = "<group>"; };
		B9F018C616809AAA00801F74 /* OAPatternContainer.m */ = {isa = PBXFileReference; fileEncoding = 4; lastKnownFileType = sourcecode.c.objc; path = OAPatternContainer.m; sourceTree = "<group>"; };
		B9F018D116810B1D00801F74 /* refresh_icon.png */ = {isa = PBXFileReference; lastKnownFileType = image.png; path = refresh_icon.png; sourceTree = "<group>"; };
		B9F018D216810B1D00801F74 /* refresh_icon@2x.png */ = {isa = PBXFileReference; lastKnownFileType = image.png; path = "refresh_icon@2x.png"; sourceTree = "<group>"; };
		B9F0D2B916E09F9800F9316D /* TAAPIClient.h */ = {isa = PBXFileReference; fileEncoding = 4; lastKnownFileType = sourcecode.c.h; path = TAAPIClient.h; sourceTree = "<group>"; };
		B9F0D2BA16E09F9800F9316D /* TAAPIClient.m */ = {isa = PBXFileReference; fileEncoding = 4; lastKnownFileType = sourcecode.c.objc; path = TAAPIClient.m; sourceTree = "<group>"; };
		B9F0D2BC16E0D04B00F9316D /* MKStoreKitConfigs.plist */ = {isa = PBXFileReference; fileEncoding = 4; lastKnownFileType = text.plist.xml; name = MKStoreKitConfigs.plist; path = configuracion/MKStoreKitConfigs.plist; sourceTree = SOURCE_ROOT; };
		B9F0D2BE16E0DBE800F9316D /* OperadorApp.entitlements */ = {isa = PBXFileReference; lastKnownFileType = text.xml; path = OperadorApp.entitlements; sourceTree = "<group>"; };
		CF4155D716068A6300E488ED /* UIImage+CropCaptcha.h */ = {isa = PBXFileReference; fileEncoding = 4; lastKnownFileType = sourcecode.c.h; path = "UIImage+CropCaptcha.h"; sourceTree = "<group>"; };
		CF4155D816068A6300E488ED /* UIImage+CropCaptcha.m */ = {isa = PBXFileReference; fileEncoding = 4; lastKnownFileType = sourcecode.c.objc; path = "UIImage+CropCaptcha.m"; sourceTree = "<group>"; };
		D2A5BC00406D4A64B10CE998 /* libPods.a */ = {isa = PBXFileReference; explicitFileType = archive.ar; includeInIndex = 0; path = libPods.a; sourceTree = BUILT_PRODUCTS_DIR; };
/* End PBXFileReference section */

/* Begin PBXFrameworksBuildPhase section */
		B95DB0CA13688D0400E87EB6 /* Frameworks */ = {
			isa = PBXFrameworksBuildPhase;
			buildActionMask = 2147483647;
			files = (
				B9CC8F7716E4E271006A783C /* iAd.framework in Frameworks */,
				B9F0187C167FE07A00801F74 /* CoreGraphics.framework in Frameworks */,
				B95553E3136DFE1D0038DF00 /* AddressBook.framework in Frameworks */,
				B95553E4136DFE1D0038DF00 /* AddressBookUI.framework in Frameworks */,
				B95DB0D213688D0400E87EB6 /* UIKit.framework in Frameworks */,
				B95DB0D413688D0400E87EB6 /* Foundation.framework in Frameworks */,
				B05FB1647B2145669089A41A /* libPods.a in Frameworks */,
				B9CC8F7516E4DF0F006A783C /* libAdapterIAd.a in Frameworks */,
			);
			runOnlyForDeploymentPostprocessing = 0;
		};
/* End PBXFrameworksBuildPhase section */

/* Begin PBXGroup section */
		B92E7F9C16DE4402007C99BA /* 01 - informacion */ = {
			isa = PBXGroup;
			children = (
				B92E7F9D16DE4402007C99BA /* info_CMT.png */,
				B92E7F9E16DE4402007C99BA /* info_CMT@2x.png */,
				B92E7F9F16DE4402007C99BA /* info_mail.png */,
				B92E7FA016DE4402007C99BA /* info_mail@2x.png */,
				B92E7FA116DE4402007C99BA /* info_tactilapp.png */,
				B92E7FA216DE4402007C99BA /* info_tactilapp@2x.png */,
				B92E7FA316DE4402007C99BA /* info_volver.png */,
				B92E7FA416DE4402007C99BA /* info_volver@2x.png */,
			);
			path = "01 - informacion";
			sourceTree = "<group>";
		};
		B94FAD0F153A3565001B7049 /* Agenda */ = {
			isa = PBXGroup;
			children = (
				B95553E1136DFE1D0038DF00 /* AddressBook.framework */,
				B95553E2136DFE1D0038DF00 /* AddressBookUI.framework */,
			);
			name = Agenda;
			sourceTree = "<group>";
		};
		B94FAD10153A369E001B7049 /* Controladores */ = {
			isa = PBXGroup;
			children = (
				B9D8CF971657072B00F53CA6 /* Agenda */,
				B9D8CF981657073600F53CA6 /* Captcha */,
				B9CD91F116244A2000DA9B27 /* Companies */,
				B9D8CF951657064E00F53CA6 /* Reseñas */,
				B95DB2A21368980700E87EB6 /* Contenedor Web */,
				B9D8CF93165705DF00F53CA6 /* Mail */,
				B9F018DD1681254F00801F74 /* Request Kernel */,
			);
			name = Controladores;
			sourceTree = "<group>";
		};
		B95DB0C213688D0400E87EB6 = {
			isa = PBXGroup;
			children = (
				B95DB0D713688D0400E87EB6 /* OperadorApp */,
				B95DB0D013688D0400E87EB6 /* Frameworks */,
				B95DB0CE13688D0400E87EB6 /* Products */,
				0D7A399EBC874ADAA2EE869A /* Pods.xcconfig */,
			);
			sourceTree = "<group>";
		};
		B95DB0CE13688D0400E87EB6 /* Products */ = {
			isa = PBXGroup;
			children = (
				B95DB0CD13688D0400E87EB6 /* OperadorApp.app */,
			);
			name = Products;
			sourceTree = "<group>";
		};
		B95DB0D013688D0400E87EB6 /* Frameworks */ = {
			isa = PBXGroup;
			children = (
				B9CC8F7416E4DF0F006A783C /* libAdapterIAd.a */,
				B9CC8F7616E4E271006A783C /* iAd.framework */,
				B95DB0D113688D0400E87EB6 /* UIKit.framework */,
				B95DB0D313688D0400E87EB6 /* Foundation.framework */,
				B9F0187B167FE07A00801F74 /* CoreGraphics.framework */,
				B94FAD0F153A3565001B7049 /* Agenda */,
				D2A5BC00406D4A64B10CE998 /* libPods.a */,
			);
			name = Frameworks;
			sourceTree = "<group>";
		};
		B95DB0D713688D0400E87EB6 /* OperadorApp */ = {
			isa = PBXGroup;
			children = (
				B9F0187F167FE1AC00801F74 /* TAHelper.h */,
				B9F01880167FE1AC00801F74 /* TAHelper.m */,
				B95DB0E013688D0400E87EB6 /* OperadorAppDelegate.h */,
				B95DB0E113688D0400E87EB6 /* OperadorAppDelegate.m */,
				B94FAD10153A369E001B7049 /* Controladores */,
				B95DB15413688FC700E87EB6 /* Vista */,
				B9D8CF45165700E400F53CA6 /* Recursos */,
				B95DB0D813688D0400E87EB6 /* Supporting Files */,
			);
			path = OperadorApp;
			sourceTree = "<group>";
		};
		B95DB0D813688D0400E87EB6 /* Supporting Files */ = {
			isa = PBXGroup;
			children = (
				B9CD949A1624582200DA9B27 /* README.md */,
				B9F0D2BE16E0DBE800F9316D /* OperadorApp.entitlements */,
				B95DB0D913688D0400E87EB6 /* OperadorApp-Info.plist */,
				B95DB0DD13688D0400E87EB6 /* OperadorApp-Prefix.pch */,
				B95DB0DE13688D0400E87EB6 /* main.m */,
				B9D8CF99165708CD00F53CA6 /* OAprivate-configure.h */,
				B9F0D2BC16E0D04B00F9316D /* MKStoreKitConfigs.plist */,
				B9CE77B716E6696700DF174C /* Localizable.strings */,
			);
			name = "Supporting Files";
			sourceTree = "<group>";
		};
		B95DB15413688FC700E87EB6 /* Vista */ = {
			isa = PBXGroup;
			children = (
				B95DB29F1368966800E87EB6 /* OperadorAppViewController.xib */,
				B95DB2A11368970E00E87EB6 /* OperadorAppViewController.h */,
				B95DB29D1368966000E87EB6 /* OperadorAppViewController.m */,
				B9F018B11680980000801F74 /* OAPatternBackground.h */,
				B9F018B21680980000801F74 /* OAPatternBackground.m */,
				B9F018C516809AAA00801F74 /* OAPatternContainer.h */,
				B9F018C616809AAA00801F74 /* OAPatternContainer.m */,
			);
			name = Vista;
			sourceTree = "<group>";
		};
		B95DB2A21368980700E87EB6 /* Contenedor Web */ = {
			isa = PBXGroup;
			children = (
				B95DB2A31368981500E87EB6 /* ControladorWeb.h */,
				B95DB2A41368981500E87EB6 /* ControladorWeb.m */,
				B95DB2A51368981500E87EB6 /* ControladorWeb.xib */,
			);
			name = "Contenedor Web";
			sourceTree = "<group>";
		};
		B9CC8F7C16E50791006A783C /* Publicidad */ = {
			isa = PBXGroup;
			children = (
				B9CC8F7816E50780006A783C /* banner_tactilapp.png */,
				B9CC8F7916E50780006A783C /* banner_tactilapp@2x.png */,
			);
			name = Publicidad;
			sourceTree = "<group>";
		};
		B9CD91F116244A2000DA9B27 /* Companies */ = {
			isa = PBXGroup;
			children = (
				B94C60D91627512900A28140 /* companies-color.plist */,
				B937A9731625919D00C5B868 /* TACompanyView.h */,
				B937A9741625919D00C5B868 /* TACompanyView.m */,
			);
			name = Companies;
			path = ../Companies;
			sourceTree = "<group>";
		};
		B9D8CF45165700E400F53CA6 /* Recursos */ = {
			isa = PBXGroup;
			children = (
				B9D8CF46165700E500F53CA6 /* Icono y default */,
				B9CC8F7C16E50791006A783C /* Publicidad */,
				B9D8CF4B165700E500F53CA6 /* Estructura */,
				B9D8CF50165700E500F53CA6 /* Pantallas */,
			);
			path = Recursos;
			sourceTree = SOURCE_ROOT;
		};
		B9D8CF46165700E500F53CA6 /* Icono y default */ = {
			isa = PBXGroup;
			children = (
				B9D8CF47165700E500F53CA6 /* Default.png */,
				B9D8CF48165700E500F53CA6 /* Default@2x.png */,
				B9EDA771165851EB009FA2E5 /* Default-568h@2x.png */,
				B9D8CF49165700E500F53CA6 /* Icon.png */,
				B9D8CF4A165700E500F53CA6 /* Icon@2x.png */,
			);
			name = "Icono y default";
			path = "00 - icono y default";
			sourceTree = "<group>";
		};
		B9D8CF4B165700E500F53CA6 /* Estructura */ = {
			isa = PBXGroup;
			children = (
				B9F018B51680985A00801F74 /* bg_bgcontainer.png */,
				B9F018B61680985A00801F74 /* bg_bgcontainer@2x.png */,
				B9F018B71680985A00801F74 /* bg_bgglobal.png */,
				B9F018B81680985A00801F74 /* bg_bgglobal@2x.png */,
				B9F018B91680985A00801F74 /* button_info_enabled.png */,
				B9F018BA1680985A00801F74 /* button_info_enabled@2x.png */,
				B9F018BB1680985A00801F74 /* img_header.png */,
				B9F018BC1680985B00801F74 /* img_header@2x.png */,
			);
			name = Estructura;
			path = "01 - estructura general";
			sourceTree = "<group>";
		};
		B9D8CF50165700E500F53CA6 /* Pantallas */ = {
			isa = PBXGroup;
			children = (
				B92E7F9C16DE4402007C99BA /* 01 - informacion */,
				B9D8CF51165700E500F53CA6 /* Botones */,
				B9D8CF861657017C00F53CA6 /* Paso 1 */,
				B9D8CF60165700E500F53CA6 /* Paso 2 */,
				B9D8CF63165700E500F53CA6 /* Paso 3 */,
			);
			name = Pantallas;
			path = "02 - pantallas";
			sourceTree = "<group>";
		};
		B9D8CF51165700E500F53CA6 /* Botones */ = {
			isa = PBXGroup;
			children = (
				B9D8CF52165700E500F53CA6 /* anterior.png */,
				B9D8CF53165700E500F53CA6 /* anterior@2x.png */,
				B9D8CF54165700E500F53CA6 /* siguiente.png */,
				B9D8CF55165700E500F53CA6 /* siguiente@2x.png */,
			);
			name = Botones;
			path = "00 - botones";
			sourceTree = "<group>";
		};
		B9D8CF60165700E500F53CA6 /* Paso 2 */ = {
			isa = PBXGroup;
			children = (
				B9F018D116810B1D00801F74 /* refresh_icon.png */,
				B9F018D216810B1D00801F74 /* refresh_icon@2x.png */,
				B9D8CF61165700E500F53CA6 /* paso2_titulo.png */,
				B9D8CF62165700E500F53CA6 /* paso2_titulo@2x.png */,
			);
			name = "Paso 2";
			path = "01 - paso 2";
			sourceTree = "<group>";
		};
		B9D8CF63165700E500F53CA6 /* Paso 3 */ = {
			isa = PBXGroup;
			children = (
				B9D8CF64165700E500F53CA6 /* paso3_llamar.png */,
				B9D8CF65165700E500F53CA6 /* paso3_llamar@2x.png */,
				B9D8CF66165700E500F53CA6 /* paso3_otronumero.png */,
				B9D8CF67165700E500F53CA6 /* paso3_otronumero@2x.png */,
				B9D8CF68165700E500F53CA6 /* paso3_titulo.png */,
				B9D8CF69165700E500F53CA6 /* paso3_titulo@2x.png */,
			);
			name = "Paso 3";
			path = "01 - paso 3";
			sourceTree = "<group>";
		};
		B9D8CF861657017C00F53CA6 /* Paso 1 */ = {
			isa = PBXGroup;
			children = (
				B9D8CF871657017C00F53CA6 /* paso1_agenda.png */,
				B9D8CF881657017C00F53CA6 /* paso1_agenda@2x.png */,
				B9D8CF891657017C00F53CA6 /* paso1_campodetexto.png */,
				B9D8CF8A1657017C00F53CA6 /* paso1_campodetexto@2x.png */,
				B9D8CF8B1657017C00F53CA6 /* paso1_titulo.png */,
				B9D8CF8C1657017C00F53CA6 /* paso1_titulo@2x.png */,
			);
			name = "Paso 1";
			path = "01 - paso 1";
			sourceTree = "<group>";
		};
		B9D8CF93165705DF00F53CA6 /* Mail */ = {
			isa = PBXGroup;
			children = (
				B95DB1561368901200E87EB6 /* EnviarMail.h */,
				B95DB1571368901200E87EB6 /* EnviarMail.m */,
			);
			name = Mail;
			sourceTree = "<group>";
		};
		B9D8CF951657064E00F53CA6 /* Reseñas */ = {
			isa = PBXGroup;
			children = (
				B90C712513730C6F00BEFD81 /* Contador.h */,
				B90C712613730C6F00BEFD81 /* Contador.m */,
				B90C7129137313E300BEFD81 /* SugerirResena.h */,
				B90C712A137313E300BEFD81 /* SugerirResena.m */,
			);
			name = "Reseñas";
			sourceTree = "<group>";
		};
		B9D8CF971657072B00F53CA6 /* Agenda */ = {
			isa = PBXGroup;
			children = (
				B90C712C1373314D00BEFD81 /* Agenda.h */,
				B90C712D1373314D00BEFD81 /* Agenda.m */,
			);
			name = Agenda;
			sourceTree = "<group>";
		};
		B9D8CF981657073600F53CA6 /* Captcha */ = {
			isa = PBXGroup;
			children = (
				CF4155D716068A6300E488ED /* UIImage+CropCaptcha.h */,
				CF4155D816068A6300E488ED /* UIImage+CropCaptcha.m */,
			);
			name = Captcha;
			sourceTree = "<group>";
		};
		B9F018DD1681254F00801F74 /* Request Kernel */ = {
			isa = PBXGroup;
			children = (
				B9AF9CFB165EA49B00EFA1CF /* TOARequestKernel.h */,
				B9AF9CFC165EA49B00EFA1CF /* TOARequestKernel.m */,
				B9F0D2B916E09F9800F9316D /* TAAPIClient.h */,
				B9F0D2BA16E09F9800F9316D /* TAAPIClient.m */,
			);
			name = "Request Kernel";
			sourceTree = "<group>";
		};
/* End PBXGroup section */

/* Begin PBXNativeTarget section */
		B95DB0CC13688D0400E87EB6 /* OperadorApp */ = {
			isa = PBXNativeTarget;
			buildConfigurationList = B95DB0E813688D0400E87EB6 /* Build configuration list for PBXNativeTarget "OperadorApp" */;
			buildPhases = (
				B95DB0C913688D0400E87EB6 /* Sources */,
				B95DB0CA13688D0400E87EB6 /* Frameworks */,
				B95DB0CB13688D0400E87EB6 /* Resources */,
				61DCDB64CCBC48E1838F8EFC /* Copy Pods Resources */,
				AE4AC5E2DF5F46A39C8EC525 /* Copy Pods Resources */,
				77A98222461944B290110B67 /* Copy Pods Resources */,
			);
			buildRules = (
			);
			dependencies = (
			);
			name = OperadorApp;
			productName = OperadorApp;
			productReference = B95DB0CD13688D0400E87EB6 /* OperadorApp.app */;
			productType = "com.apple.product-type.application";
		};
/* End PBXNativeTarget section */

/* Begin PBXProject section */
		B95DB0C413688D0400E87EB6 /* Project object */ = {
			isa = PBXProject;
			attributes = {
				CLASSPREFIX = TA;
				LastUpgradeCheck = 0450;
				ORGANIZATIONNAME = TactilApp.com;
			};
			buildConfigurationList = B95DB0C713688D0400E87EB6 /* Build configuration list for PBXProject "operadorApp" */;
			compatibilityVersion = "Xcode 3.2";
			developmentRegion = English;
			hasScannedForEncodings = 0;
			knownRegions = (
				en,
				English,
			);
			mainGroup = B95DB0C213688D0400E87EB6;
			productRefGroup = B95DB0CE13688D0400E87EB6 /* Products */;
			projectDirPath = "";
			projectRoot = "";
			targets = (
				B95DB0CC13688D0400E87EB6 /* OperadorApp */,
			);
		};
/* End PBXProject section */

/* Begin PBXResourcesBuildPhase section */
		B95DB0CB13688D0400E87EB6 /* Resources */ = {
			isa = PBXResourcesBuildPhase;
			buildActionMask = 2147483647;
			files = (
				B95DB2A01368966800E87EB6 /* OperadorAppViewController.xib in Resources */,
				B95DB2A71368981500E87EB6 /* ControladorWeb.xib in Resources */,
				B94C60DA1627512900A28140 /* companies-color.plist in Resources */,
				B9D8CF6A165700E500F53CA6 /* Default.png in Resources */,
				B9D8CF6B165700E500F53CA6 /* Default@2x.png in Resources */,
				B9D8CF6C165700E500F53CA6 /* Icon.png in Resources */,
				B9D8CF6D165700E500F53CA6 /* Icon@2x.png in Resources */,
				B9D8CF72165700E500F53CA6 /* anterior.png in Resources */,
				B9D8CF73165700E500F53CA6 /* anterior@2x.png in Resources */,
				B9D8CF74165700E500F53CA6 /* siguiente.png in Resources */,
				B9D8CF75165700E500F53CA6 /* siguiente@2x.png in Resources */,
				B9D8CF7E165700E500F53CA6 /* paso2_titulo.png in Resources */,
				B9D8CF7F165700E500F53CA6 /* paso2_titulo@2x.png in Resources */,
				B9D8CF80165700E500F53CA6 /* paso3_llamar.png in Resources */,
				B9D8CF81165700E500F53CA6 /* paso3_llamar@2x.png in Resources */,
				B9D8CF82165700E500F53CA6 /* paso3_otronumero.png in Resources */,
				B9D8CF83165700E500F53CA6 /* paso3_otronumero@2x.png in Resources */,
				B9D8CF84165700E500F53CA6 /* paso3_titulo.png in Resources */,
				B9D8CF85165700E500F53CA6 /* paso3_titulo@2x.png in Resources */,
				B9D8CF8D1657017C00F53CA6 /* paso1_agenda.png in Resources */,
				B9D8CF8E1657017C00F53CA6 /* paso1_agenda@2x.png in Resources */,
				B9D8CF8F1657017C00F53CA6 /* paso1_campodetexto.png in Resources */,
				B9D8CF901657017C00F53CA6 /* paso1_campodetexto@2x.png in Resources */,
				B9D8CF911657017C00F53CA6 /* paso1_titulo.png in Resources */,
				B9D8CF921657017C00F53CA6 /* paso1_titulo@2x.png in Resources */,
				B9EDA772165851EB009FA2E5 /* Default-568h@2x.png in Resources */,
				B9F018BD1680985B00801F74 /* bg_bgcontainer.png in Resources */,
				B9F018BE1680985B00801F74 /* bg_bgcontainer@2x.png in Resources */,
				B9F018BF1680985B00801F74 /* bg_bgglobal.png in Resources */,
				B9F018C01680985B00801F74 /* bg_bgglobal@2x.png in Resources */,
				B9F018C11680985B00801F74 /* button_info_enabled.png in Resources */,
				B9F018C21680985B00801F74 /* button_info_enabled@2x.png in Resources */,
				B9F018C31680985B00801F74 /* img_header.png in Resources */,
				B9F018C41680985B00801F74 /* img_header@2x.png in Resources */,
				B9F018D316810B1D00801F74 /* refresh_icon.png in Resources */,
				B9F018D416810B1D00801F74 /* refresh_icon@2x.png in Resources */,
				B92E7FA516DE4402007C99BA /* info_CMT.png in Resources */,
				B92E7FA616DE4402007C99BA /* info_CMT@2x.png in Resources */,
				B92E7FA716DE4402007C99BA /* info_mail.png in Resources */,
				B92E7FA816DE4402007C99BA /* info_mail@2x.png in Resources */,
				B92E7FA916DE4402007C99BA /* info_tactilapp.png in Resources */,
				B92E7FAA16DE4402007C99BA /* info_tactilapp@2x.png in Resources */,
				B92E7FAB16DE4402007C99BA /* info_volver.png in Resources */,
				B92E7FAC16DE4402007C99BA /* info_volver@2x.png in Resources */,
				B9F0D2BD16E0D04B00F9316D /* MKStoreKitConfigs.plist in Resources */,
				B9CC8F7A16E50780006A783C /* banner_tactilapp.png in Resources */,
				B9CC8F7B16E50780006A783C /* banner_tactilapp@2x.png in Resources */,
				B9CE77B816E6696700DF174C /* Localizable.strings in Resources */,
			);
			runOnlyForDeploymentPostprocessing = 0;
		};
/* End PBXResourcesBuildPhase section */

/* Begin PBXShellScriptBuildPhase section */
		61DCDB64CCBC48E1838F8EFC /* Copy Pods Resources */ = {
			isa = PBXShellScriptBuildPhase;
			buildActionMask = 2147483647;
			files = (
			);
			inputPaths = (
			);
			name = "Copy Pods Resources";
			outputPaths = (
			);
			runOnlyForDeploymentPostprocessing = 0;
			shellPath = /bin/sh;
			shellScript = "\"${SRCROOT}/Pods/Pods-resources.sh\"\n";
		};
		77A98222461944B290110B67 /* Copy Pods Resources */ = {
			isa = PBXShellScriptBuildPhase;
			buildActionMask = 2147483647;
			files = (
			);
			inputPaths = (
			);
			name = "Copy Pods Resources";
			outputPaths = (
			);
			runOnlyForDeploymentPostprocessing = 0;
			shellPath = /bin/sh;
			shellScript = "\"${SRCROOT}/Pods/Pods-resources.sh\"\n";
		};
		AE4AC5E2DF5F46A39C8EC525 /* Copy Pods Resources */ = {
			isa = PBXShellScriptBuildPhase;
			buildActionMask = 2147483647;
			files = (
			);
			inputPaths = (
			);
			name = "Copy Pods Resources";
			outputPaths = (
			);
			runOnlyForDeploymentPostprocessing = 0;
			shellPath = /bin/sh;
			shellScript = "\"${SRCROOT}/Pods/Pods-resources.sh\"\n";
		};
/* End PBXShellScriptBuildPhase section */

/* Begin PBXSourcesBuildPhase section */
		B95DB0C913688D0400E87EB6 /* Sources */ = {
			isa = PBXSourcesBuildPhase;
			buildActionMask = 2147483647;
			files = (
				B95DB0DF13688D0400E87EB6 /* main.m in Sources */,
				B95DB0E213688D0400E87EB6 /* OperadorAppDelegate.m in Sources */,
				B95DB1591368901200E87EB6 /* EnviarMail.m in Sources */,
				B95DB29E1368966000E87EB6 /* OperadorAppViewController.m in Sources */,
				B95DB2A61368981500E87EB6 /* ControladorWeb.m in Sources */,
				B90C712713730C6F00BEFD81 /* Contador.m in Sources */,
				B90C712B137313E300BEFD81 /* SugerirResena.m in Sources */,
				B90C712E1373314D00BEFD81 /* Agenda.m in Sources */,
				CF4155D916068A6300E488ED /* UIImage+CropCaptcha.m in Sources */,
				B937A9751625919D00C5B868 /* TACompanyView.m in Sources */,
				B9AF9CFD165EA49B00EFA1CF /* TOARequestKernel.m in Sources */,
				B9F01881167FE1AC00801F74 /* TAHelper.m in Sources */,
				B9F018B31680980100801F74 /* OAPatternBackground.m in Sources */,
				B9F018C716809AAB00801F74 /* OAPatternContainer.m in Sources */,
				B9F0D2BB16E09F9800F9316D /* TAAPIClient.m in Sources */,
			);
			runOnlyForDeploymentPostprocessing = 0;
		};
/* End PBXSourcesBuildPhase section */

/* Begin XCBuildConfiguration section */
		B95DB0E613688D0400E87EB6 /* Debug */ = {
			isa = XCBuildConfiguration;
			buildSettings = {
				ARCHS = "$(ARCHS_STANDARD_32_BIT)";
				"CODE_SIGN_IDENTITY[sdk=iphoneos*]" = "iPhone Developer";
				GCC_C_LANGUAGE_STANDARD = gnu99;
				GCC_OPTIMIZATION_LEVEL = 0;
				GCC_PREPROCESSOR_DEFINITIONS = DEBUG;
				GCC_SYMBOLS_PRIVATE_EXTERN = NO;
				GCC_VERSION = "";
				GCC_WARN_ABOUT_RETURN_TYPE = YES;
				GCC_WARN_UNUSED_VARIABLE = YES;
				IPHONEOS_DEPLOYMENT_TARGET = 5.0;
				SDKROOT = iphoneos;
			};
			name = Debug;
		};
		B95DB0E713688D0400E87EB6 /* TestFlight */ = {
			isa = XCBuildConfiguration;
			buildSettings = {
				ARCHS = "$(ARCHS_STANDARD_32_BIT)";
				"CODE_SIGN_IDENTITY[sdk=iphoneos*]" = "iPhone Developer";
				GCC_C_LANGUAGE_STANDARD = gnu99;
				GCC_VERSION = "";
				GCC_WARN_ABOUT_RETURN_TYPE = YES;
				GCC_WARN_UNUSED_VARIABLE = YES;
				IPHONEOS_DEPLOYMENT_TARGET = 5.0;
				OTHER_CFLAGS = "-DNS_BLOCK_ASSERTIONS=1";
				SDKROOT = iphoneos;
			};
			name = TestFlight;
		};
		B95DB0E913688D0400E87EB6 /* Debug */ = {
			isa = XCBuildConfiguration;
			baseConfigurationReference = 0D7A399EBC874ADAA2EE869A /* Pods.xcconfig */;
			buildSettings = {
				ALWAYS_SEARCH_USER_PATHS = "$(inherited)";
				ARCHS = "$(ARCHS_STANDARD_32_BIT)";
				CLANG_ENABLE_OBJC_ARC = YES;
				CODE_SIGN_ENTITLEMENTS = OperadorApp/OperadorApp.entitlements;
				CODE_SIGN_IDENTITY = "";
				"CODE_SIGN_IDENTITY[sdk=iphoneos*]" = "iPhone Developer: Jorge Maroto (8S5VQF8K5F)";
				COPY_PHASE_STRIP = NO;
				GCC_DYNAMIC_NO_PIC = NO;
				GCC_PRECOMPILE_PREFIX_HEADER = YES;
				GCC_PREFIX_HEADER = "OperadorApp/OperadorApp-Prefix.pch";
				GCC_PREPROCESSOR_DEFINITIONS = DEBUG;
				GCC_THUMB_SUPPORT = NO;
				GCC_VERSION = "";
				HEADER_SEARCH_PATHS = "$(inherited)/**";
				INFOPLIST_FILE = "OperadorApp/OperadorApp-Info.plist";
				IPHONEOS_DEPLOYMENT_TARGET = 5.0;
				LIBRARY_SEARCH_PATHS = (
					"./**",
					"$(inherited)",
					"\"$(SRCROOT)/OperadorApp\"",
				);
				OTHER_LDFLAGS = "$(inherited)";
				PRODUCT_NAME = "$(TARGET_NAME)";
				"PROVISIONING_PROFILE[sdk=iphoneos*]" = "EFDFAC49-2C48-4DBA-A921-B7689889CFCB";
				SDKROOT = iphoneos;
				VALID_ARCHS = "armv6 armv7";
				WRAPPER_EXTENSION = app;
			};
			name = Debug;
		};
		B95DB0EA13688D0400E87EB6 /* TestFlight */ = {
			isa = XCBuildConfiguration;
			baseConfigurationReference = 0D7A399EBC874ADAA2EE869A /* Pods.xcconfig */;
			buildSettings = {
				ALWAYS_SEARCH_USER_PATHS = "$(inherited)";
				ARCHS = "$(ARCHS_STANDARD_32_BIT)";
				CLANG_ENABLE_OBJC_ARC = YES;
				CODE_SIGN_ENTITLEMENTS = OperadorApp/OperadorApp.entitlements;
				CODE_SIGN_IDENTITY = "";
				"CODE_SIGN_IDENTITY[sdk=iphoneos*]" = "iPhone Distribution: TactilApp  SL";
				COPY_PHASE_STRIP = YES;
				GCC_PRECOMPILE_PREFIX_HEADER = YES;
				GCC_PREFIX_HEADER = "OperadorApp/OperadorApp-Prefix.pch";
				GCC_PREPROCESSOR_DEFINITIONS = TESTFLIGHT;
				GCC_THUMB_SUPPORT = NO;
				GCC_VERSION = "";
				HEADER_SEARCH_PATHS = "$(inherited)/**";
				INFOPLIST_FILE = "OperadorApp/OperadorApp-Info.plist";
				IPHONEOS_DEPLOYMENT_TARGET = 5.0;
				LIBRARY_SEARCH_PATHS = (
					"./**",
					"$(inherited)",
					"\"$(SRCROOT)/OperadorApp\"",
				);
				OTHER_LDFLAGS = "$(inherited)";
				PRODUCT_NAME = "$(TARGET_NAME)";
				"PROVISIONING_PROFILE[sdk=iphoneos*]" = "B65F77A5-9500-4167-87A5-1011B6228142";
				SDKROOT = iphoneos;
				VALIDATE_PRODUCT = YES;
				VALID_ARCHS = "armv6 armv7";
				WRAPPER_EXTENSION = app;
			};
			name = TestFlight;
		};
		B9F01899167FFE7600801F74 /* AppStore */ = {
			isa = XCBuildConfiguration;
			buildSettings = {
				ARCHS = "$(ARCHS_STANDARD_32_BIT)";
				"CODE_SIGN_IDENTITY[sdk=iphoneos*]" = "iPhone Developer";
				GCC_C_LANGUAGE_STANDARD = gnu99;
				GCC_VERSION = "";
				GCC_WARN_ABOUT_RETURN_TYPE = YES;
				GCC_WARN_UNUSED_VARIABLE = YES;
				IPHONEOS_DEPLOYMENT_TARGET = 5.0;
				OTHER_CFLAGS = "-DNS_BLOCK_ASSERTIONS=1";
				SDKROOT = iphoneos;
			};
			name = AppStore;
		};
		B9F0189A167FFE7600801F74 /* AppStore */ = {
			isa = XCBuildConfiguration;
			baseConfigurationReference = 0D7A399EBC874ADAA2EE869A /* Pods.xcconfig */;
			buildSettings = {
				ALWAYS_SEARCH_USER_PATHS = "$(inherited)";
				ARCHS = "$(ARCHS_STANDARD_32_BIT)";
				CLANG_ENABLE_OBJC_ARC = YES;
				CODE_SIGN_ENTITLEMENTS = OperadorApp/OperadorApp.entitlements;
				CODE_SIGN_IDENTITY = "";
				"CODE_SIGN_IDENTITY[sdk=iphoneos*]" = "iPhone Distribution: TactilApp  SL";
				COPY_PHASE_STRIP = YES;
				GCC_PRECOMPILE_PREFIX_HEADER = YES;
				GCC_PREFIX_HEADER = "OperadorApp/OperadorApp-Prefix.pch";
				GCC_PREPROCESSOR_DEFINITIONS = FLURRY;
				GCC_THUMB_SUPPORT = NO;
				GCC_VERSION = "";
				HEADER_SEARCH_PATHS = "$(inherited)/**";
				INFOPLIST_FILE = "OperadorApp/OperadorApp-Info.plist";
				IPHONEOS_DEPLOYMENT_TARGET = 5.0;
				LIBRARY_SEARCH_PATHS = (
					"./**",
					"$(inherited)",
					"\"$(SRCROOT)/OperadorApp\"",
				);
				OTHER_LDFLAGS = "$(inherited)";
				PRODUCT_NAME = "$(TARGET_NAME)";
				"PROVISIONING_PROFILE[sdk=iphoneos*]" = "8A985D64-8C0D-4434-8BAA-71410011DC02";
				SDKROOT = iphoneos;
				VALIDATE_PRODUCT = YES;
				VALID_ARCHS = "armv6 armv7";
				WRAPPER_EXTENSION = app;
			};
			name = AppStore;
		};
/* End XCBuildConfiguration section */

/* Begin XCConfigurationList section */
		B95DB0C713688D0400E87EB6 /* Build configuration list for PBXProject "operadorApp" */ = {
			isa = XCConfigurationList;
			buildConfigurations = (
				B95DB0E613688D0400E87EB6 /* Debug */,
				B95DB0E713688D0400E87EB6 /* TestFlight */,
				B9F01899167FFE7600801F74 /* AppStore */,
			);
			defaultConfigurationIsVisible = 0;
			defaultConfigurationName = TestFlight;
		};
		B95DB0E813688D0400E87EB6 /* Build configuration list for PBXNativeTarget "OperadorApp" */ = {
			isa = XCConfigurationList;
			buildConfigurations = (
				B95DB0E913688D0400E87EB6 /* Debug */,
				B95DB0EA13688D0400E87EB6 /* TestFlight */,
				B9F0189A167FFE7600801F74 /* AppStore */,
			);
			defaultConfigurationIsVisible = 0;
			defaultConfigurationName = TestFlight;
		};
/* End XCConfigurationList section */
	};
	rootObject = B95DB0C413688D0400E87EB6 /* Project object */;
}
